
Microsoft Visual Studio Solution File, Format Version 12.00
# Visual Studio Version 17
VisualStudioVersion = 17.5.33530.505
MinimumVisualStudioVersion = 10.0.40219.1
Project("{FAE04EC0-301F-11D3-BF4B-00C04F79EFBC}") = "baikiemtragiuakiC#2", "baikiemtragiuakiC#2\baikiemtragiuakiC#2.csproj", "{F487F6A3-8C6C-4B23-AD9D-EC4EF7F8CF18}"
EndProject
Global
	GlobalSection(SolutionConfigurationPlatforms) = preSolution
		Debug|Any CPU = Debug|Any CPU
		Release|Any CPU = Release|Any CPU
	EndGlobalSection
	GlobalSection(ProjectConfigurationPlatforms) = postSolution
		{F487F6A3-8C6C-4B23-AD9D-EC4EF7F8CF18}.Debug|Any CPU.ActiveCfg = Debug|Any CPU
		{F487F6A3-8C6C-4B23-AD9D-EC4EF7F8CF18}.Debug|Any CPU.Build.0 = Debug|Any CPU
		{F487F6A3-8C6C-4B23-AD9D-EC4EF7F8CF18}.Release|Any CPU.ActiveCfg = Release|Any CPU
		{F487F6A3-8C6C-4B23-AD9D-EC4EF7F8CF18}.Release|Any CPU.Build.0 = Release|Any CPU
	EndGlobalSection
	GlobalSection(SolutionProperties) = preSolution
		HideSolutionNode = FALSE
	EndGlobalSection
	GlobalSection(ExtensibilityGlobals) = postSolution
		SolutionGuid = {8739F15A-3861-49D7-8ED0-9C9E72B0B337}
	EndGlobalSection
EndGlobal
